
Microsoft Visual Studio Solution File, Format Version 12.00
# Visual Studio Version 16
VisualStudioVersion = 16.0.31410.357
MinimumVisualStudioVersion = 10.0.40219.1
Project("{FAE04EC0-301F-11D3-BF4B-00C04F79EFBC}") = "Entidades", "Entidades\Entidades.csproj", "{104875FD-0337-4D99-B985-8D9D85A1E554}"
EndProject
Project("{FAE04EC0-301F-11D3-BF4B-00C04F79EFBC}") = "MiCalculadora", "MiCalculadora\MiCalculadora.csproj", "{CAFFAD05-321E-46C2-AAD4-80B8809DF391}"
EndProject
Global
	GlobalSection(SolutionConfigurationPlatforms) = preSolution
		Debug|Any CPU = Debug|Any CPU
		Release|Any CPU = Release|Any CPU
	EndGlobalSection
	GlobalSection(ProjectConfigurationPlatforms) = postSolution
		{104875FD-0337-4D99-B985-8D9D85A1E554}.Debug|Any CPU.ActiveCfg = Debug|Any CPU
		{104875FD-0337-4D99-B985-8D9D85A1E554}.Debug|Any CPU.Build.0 = Debug|Any CPU
		{104875FD-0337-4D99-B985-8D9D85A1E554}.Release|Any CPU.ActiveCfg = Release|Any CPU
		{104875FD-0337-4D99-B985-8D9D85A1E554}.Release|Any CPU.Build.0 = Release|Any CPU
		{CAFFAD05-321E-46C2-AAD4-80B8809DF391}.Debug|Any CPU.ActiveCfg = Debug|Any CPU
		{CAFFAD05-321E-46C2-AAD4-80B8809DF391}.Debug|Any CPU.Build.0 = Debug|Any CPU
		{CAFFAD05-321E-46C2-AAD4-80B8809DF391}.Release|Any CPU.ActiveCfg = Release|Any CPU
		{CAFFAD05-321E-46C2-AAD4-80B8809DF391}.Release|Any CPU.Build.0 = Release|Any CPU
	EndGlobalSection
	GlobalSection(SolutionProperties) = preSolution
		HideSolutionNode = FALSE
	EndGlobalSection
	GlobalSection(ExtensibilityGlobals) = postSolution
		SolutionGuid = {875DF307-6ED0-472C-8FBA-6139277EDCB9}
	EndGlobalSection
EndGlobal
